
Microsoft Visual Studio Solution File, Format Version 12.00
# Visual Studio Version 17
VisualStudioVersion = 17.6.33723.286
MinimumVisualStudioVersion = 10.0.40219.1
Project("{FAE04EC0-301F-11D3-BF4B-00C04F79EFBC}") = "ElMirador.Modelo", "ElMirador.Model\ElMirador.Modelo.csproj", "{4C292272-6EA2-4110-9E66-B24F690E0803}"
EndProject
Project("{FAE04EC0-301F-11D3-BF4B-00C04F79EFBC}") = "ElMirador.Repositorio", "ElMirador.Repositorio\ElMirador.Repositorio.csproj", "{582928C2-0D0F-4DCE-A583-A58B27964E10}"
EndProject
Project("{FAE04EC0-301F-11D3-BF4B-00C04F79EFBC}") = "ElMirador.Servicio", "ElMirador.Servicio\ElMirador.Servicio.csproj", "{DFD96284-3451-483D-AB51-29DF9733878A}"
EndProject
Project("{FAE04EC0-301F-11D3-BF4B-00C04F79EFBC}") = "ElMiradorDTO", "ElMiradorDTO\ElMiradorDTO.csproj", "{A18FC4A3-F767-4192-94CE-3FF337F5242B}"
EndProject
Project("{FAE04EC0-301F-11D3-BF4B-00C04F79EFBC}") = "ElMiradorUtilidades", "ElMiradorUtilidades\ElMiradorUtilidades.csproj", "{61507496-96AF-425D-A1FA-C4D656406AC1}"
EndProject
Project("{FAE04EC0-301F-11D3-BF4B-00C04F79EFBC}") = "ElMirador.API", "ElMirador.API\ElMirador.API.csproj", "{C12D17F6-F852-4F1C-A756-2A9659FEB2A0}"
EndProject
Project("{FAE04EC0-301F-11D3-BF4B-00C04F79EFBC}") = "ElMiradorWebAssembly", "ElMiradorWebAssembly\ElMiradorWebAssembly.csproj", "{D827109A-19CB-4561-B8BD-0E158E2BFE64}"
EndProject
Global
	GlobalSection(SolutionConfigurationPlatforms) = preSolution
		Debug|Any CPU = Debug|Any CPU
		Release|Any CPU = Release|Any CPU
	EndGlobalSection
	GlobalSection(ProjectConfigurationPlatforms) = postSolution
		{4C292272-6EA2-4110-9E66-B24F690E0803}.Debug|Any CPU.ActiveCfg = Debug|Any CPU
		{4C292272-6EA2-4110-9E66-B24F690E0803}.Debug|Any CPU.Build.0 = Debug|Any CPU
		{4C292272-6EA2-4110-9E66-B24F690E0803}.Release|Any CPU.ActiveCfg = Release|Any CPU
		{4C292272-6EA2-4110-9E66-B24F690E0803}.Release|Any CPU.Build.0 = Release|Any CPU
		{582928C2-0D0F-4DCE-A583-A58B27964E10}.Debug|Any CPU.ActiveCfg = Debug|Any CPU
		{582928C2-0D0F-4DCE-A583-A58B27964E10}.Debug|Any CPU.Build.0 = Debug|Any CPU
		{582928C2-0D0F-4DCE-A583-A58B27964E10}.Release|Any CPU.ActiveCfg = Release|Any CPU
		{582928C2-0D0F-4DCE-A583-A58B27964E10}.Release|Any CPU.Build.0 = Release|Any CPU
		{DFD96284-3451-483D-AB51-29DF9733878A}.Debug|Any CPU.ActiveCfg = Debug|Any CPU
		{DFD96284-3451-483D-AB51-29DF9733878A}.Debug|Any CPU.Build.0 = Debug|Any CPU
		{DFD96284-3451-483D-AB51-29DF9733878A}.Release|Any CPU.ActiveCfg = Release|Any CPU
		{DFD96284-3451-483D-AB51-29DF9733878A}.Release|Any CPU.Build.0 = Release|Any CPU
		{A18FC4A3-F767-4192-94CE-3FF337F5242B}.Debug|Any CPU.ActiveCfg = Debug|Any CPU
		{A18FC4A3-F767-4192-94CE-3FF337F5242B}.Debug|Any CPU.Build.0 = Debug|Any CPU
		{A18FC4A3-F767-4192-94CE-3FF337F5242B}.Release|Any CPU.ActiveCfg = Release|Any CPU
		{A18FC4A3-F767-4192-94CE-3FF337F5242B}.Release|Any CPU.Build.0 = Release|Any CPU
		{61507496-96AF-425D-A1FA-C4D656406AC1}.Debug|Any CPU.ActiveCfg = Debug|Any CPU
		{61507496-96AF-425D-A1FA-C4D656406AC1}.Debug|Any CPU.Build.0 = Debug|Any CPU
		{61507496-96AF-425D-A1FA-C4D656406AC1}.Release|Any CPU.ActiveCfg = Release|Any CPU
		{61507496-96AF-425D-A1FA-C4D656406AC1}.Release|Any CPU.Build.0 = Release|Any CPU
		{C12D17F6-F852-4F1C-A756-2A9659FEB2A0}.Debug|Any CPU.ActiveCfg = Debug|Any CPU
		{C12D17F6-F852-4F1C-A756-2A9659FEB2A0}.Debug|Any CPU.Build.0 = Debug|Any CPU
		{C12D17F6-F852-4F1C-A756-2A9659FEB2A0}.Release|Any CPU.ActiveCfg = Release|Any CPU
		{C12D17F6-F852-4F1C-A756-2A9659FEB2A0}.Release|Any CPU.Build.0 = Release|Any CPU
		{D827109A-19CB-4561-B8BD-0E158E2BFE64}.Debug|Any CPU.ActiveCfg = Debug|Any CPU
		{D827109A-19CB-4561-B8BD-0E158E2BFE64}.Debug|Any CPU.Build.0 = Debug|Any CPU
		{D827109A-19CB-4561-B8BD-0E158E2BFE64}.Release|Any CPU.ActiveCfg = Release|Any CPU
		{D827109A-19CB-4561-B8BD-0E158E2BFE64}.Release|Any CPU.Build.0 = Release|Any CPU
	EndGlobalSection
	GlobalSection(SolutionProperties) = preSolution
		HideSolutionNode = FALSE
	EndGlobalSection
	GlobalSection(ExtensibilityGlobals) = postSolution
		SolutionGuid = {A84B5A33-A6D4-4F1E-BBD9-1854FD125366}
	EndGlobalSection
EndGlobal
